// !$*UTF8*$!
{
	archiveVersion = 1;
	classes = {
	};
	objectVersion = 46;
	objects = {

/* Begin PBXBuildFile section */
		C7826150200BFDE90004A958 /* OrderedKey.swift in Sources */ = {isa = PBXBuildFile; fileRef = C782614F200BFDE90004A958 /* OrderedKey.swift */; };
		C78538E21ED0C59F007D79AD /* SION.framework in Frameworks */ = {isa = PBXBuildFile; fileRef = C78538D81ED0C59F007D79AD /* SION.framework */; };
		C78538E71ED0C59F007D79AD /* ParserTests.swift in Sources */ = {isa = PBXBuildFile; fileRef = C78538E61ED0C59F007D79AD /* ParserTests.swift */; };
		C78538E91ED0C59F007D79AD /* SION.h in Headers */ = {isa = PBXBuildFile; fileRef = C78538DB1ED0C59F007D79AD /* SION.h */; settings = {ATTRIBUTES = (Public, ); }; };
		C78538F31ED0C5BF007D79AD /* SION.swift in Sources */ = {isa = PBXBuildFile; fileRef = C78538F21ED0C5BF007D79AD /* SION.swift */; };
		C78538F51ED0C60E007D79AD /* Parser.swift in Sources */ = {isa = PBXBuildFile; fileRef = C78538F41ED0C60E007D79AD /* Parser.swift */; };
		C78804AB1EDB8DFD003CB398 /* SIONTests.swift in Sources */ = {isa = PBXBuildFile; fileRef = C78804AA1EDB8DFD003CB398 /* SIONTests.swift */; };
		C7AD6AB6200BB36F001DE68E /* SION+Comparison.swift in Sources */ = {isa = PBXBuildFile; fileRef = C7AD6AB5200BB36F001DE68E /* SION+Comparison.swift */; };
		C7AD6AB8200BB45A001DE68E /* SION+Error.swift in Sources */ = {isa = PBXBuildFile; fileRef = C7AD6AB7200BB45A001DE68E /* SION+Error.swift */; };
		C7AD6ABA200BB471001DE68E /* SION+Accessors.swift in Sources */ = {isa = PBXBuildFile; fileRef = C7AD6AB9200BB471001DE68E /* SION+Accessors.swift */; };
		C7AD6ABC200BB48E001DE68E /* SION+Initialization.swift in Sources */ = {isa = PBXBuildFile; fileRef = C7AD6ABB200BB48E001DE68E /* SION+Initialization.swift */; };
		C7AD6ABE200BCC0C001DE68E /* SION+StringifyTests.swift in Sources */ = {isa = PBXBuildFile; fileRef = C7AD6ABD200BCC0C001DE68E /* SION+StringifyTests.swift */; };
		C7AD6AC0200BD473001DE68E /* SION+AccessorsTests.swift in Sources */ = {isa = PBXBuildFile; fileRef = C7AD6ABF200BD473001DE68E /* SION+AccessorsTests.swift */; };
		C7AD6AC2200BD4A7001DE68E /* SION+ComparisonTests.swift in Sources */ = {isa = PBXBuildFile; fileRef = C7AD6AC1200BD4A7001DE68E /* SION+ComparisonTests.swift */; };
		C7BFAAA41EDA14BE00EBA808 /* test.sion in Resources */ = {isa = PBXBuildFile; fileRef = C7BFAAA21EDA0F7700EBA808 /* test.sion */; };
		C7CED6041EDF9D520041B879 /* SION+Stringify.swift in Sources */ = {isa = PBXBuildFile; fileRef = C7CED6031EDF9D520041B879 /* SION+Stringify.swift */; };
/* End PBXBuildFile section */

/* Begin PBXContainerItemProxy section */
		C78538E31ED0C59F007D79AD /* PBXContainerItemProxy */ = {
			isa = PBXContainerItemProxy;
			containerPortal = C78538CF1ED0C59F007D79AD /* Project object */;
			proxyType = 1;
			remoteGlobalIDString = C78538D71ED0C59F007D79AD;
			remoteInfo = SION;
		};
/* End PBXContainerItemProxy section */

/* Begin PBXFileReference section */
		C782614F200BFDE90004A958 /* OrderedKey.swift */ = {isa = PBXFileReference; lastKnownFileType = sourcecode.swift; path = OrderedKey.swift; sourceTree = "<group>"; };
		C78538D81ED0C59F007D79AD /* SION.framework */ = {isa = PBXFileReference; explicitFileType = wrapper.framework; includeInIndex = 0; path = SION.framework; sourceTree = BUILT_PRODUCTS_DIR; };
		C78538DB1ED0C59F007D79AD /* SION.h */ = {isa = PBXFileReference; lastKnownFileType = sourcecode.c.h; path = SION.h; sourceTree = "<group>"; };
		C78538DC1ED0C59F007D79AD /* Info.plist */ = {isa = PBXFileReference; lastKnownFileType = text.plist.xml; path = Info.plist; sourceTree = "<group>"; };
		C78538E11ED0C59F007D79AD /* SIONTests.xctest */ = {isa = PBXFileReference; explicitFileType = wrapper.cfbundle; includeInIndex = 0; path = SIONTests.xctest; sourceTree = BUILT_PRODUCTS_DIR; };
		C78538E61ED0C59F007D79AD /* ParserTests.swift */ = {isa = PBXFileReference; lastKnownFileType = sourcecode.swift; path = ParserTests.swift; sourceTree = "<group>"; };
		C78538E81ED0C59F007D79AD /* Info.plist */ = {isa = PBXFileReference; lastKnownFileType = text.plist.xml; path = Info.plist; sourceTree = "<group>"; };
		C78538F21ED0C5BF007D79AD /* SION.swift */ = {isa = PBXFileReference; fileEncoding = 4; lastKnownFileType = sourcecode.swift; path = SION.swift; sourceTree = "<group>"; };
		C78538F41ED0C60E007D79AD /* Parser.swift */ = {isa = PBXFileReference; fileEncoding = 4; lastKnownFileType = sourcecode.swift; path = Parser.swift; sourceTree = "<group>"; };
		C78804AA1EDB8DFD003CB398 /* SIONTests.swift */ = {isa = PBXFileReference; fileEncoding = 4; lastKnownFileType = sourcecode.swift; path = SIONTests.swift; sourceTree = "<group>"; };
		C7AD6AB5200BB36F001DE68E /* SION+Comparison.swift */ = {isa = PBXFileReference; lastKnownFileType = sourcecode.swift; path = "SION+Comparison.swift"; sourceTree = "<group>"; };
		C7AD6AB7200BB45A001DE68E /* SION+Error.swift */ = {isa = PBXFileReference; lastKnownFileType = sourcecode.swift; path = "SION+Error.swift"; sourceTree = "<group>"; };
		C7AD6AB9200BB471001DE68E /* SION+Accessors.swift */ = {isa = PBXFileReference; lastKnownFileType = sourcecode.swift; path = "SION+Accessors.swift"; sourceTree = "<group>"; };
		C7AD6ABB200BB48E001DE68E /* SION+Initialization.swift */ = {isa = PBXFileReference; lastKnownFileType = sourcecode.swift; path = "SION+Initialization.swift"; sourceTree = "<group>"; };
		C7AD6ABD200BCC0C001DE68E /* SION+StringifyTests.swift */ = {isa = PBXFileReference; lastKnownFileType = sourcecode.swift; path = "SION+StringifyTests.swift"; sourceTree = "<group>"; };
		C7AD6ABF200BD473001DE68E /* SION+AccessorsTests.swift */ = {isa = PBXFileReference; lastKnownFileType = sourcecode.swift; path = "SION+AccessorsTests.swift"; sourceTree = "<group>"; };
		C7AD6AC1200BD4A7001DE68E /* SION+ComparisonTests.swift */ = {isa = PBXFileReference; lastKnownFileType = sourcecode.swift; path = "SION+ComparisonTests.swift"; sourceTree = "<group>"; };
		C7BFAAA21EDA0F7700EBA808 /* test.sion */ = {isa = PBXFileReference; fileEncoding = 4; lastKnownFileType = text; path = test.sion; sourceTree = "<group>"; };
		C7CED6031EDF9D520041B879 /* SION+Stringify.swift */ = {isa = PBXFileReference; fileEncoding = 4; lastKnownFileType = sourcecode.swift; path = "SION+Stringify.swift"; sourceTree = "<group>"; };
/* End PBXFileReference section */

/* Begin PBXFrameworksBuildPhase section */
		C78538D41ED0C59F007D79AD /* Frameworks */ = {
			isa = PBXFrameworksBuildPhase;
			buildActionMask = 2147483647;
			files = (
			);
			runOnlyForDeploymentPostprocessing = 0;
		};
		C78538DE1ED0C59F007D79AD /* Frameworks */ = {
			isa = PBXFrameworksBuildPhase;
			buildActionMask = 2147483647;
			files = (
				C78538E21ED0C59F007D79AD /* SION.framework in Frameworks */,
			);
			runOnlyForDeploymentPostprocessing = 0;
		};
/* End PBXFrameworksBuildPhase section */

/* Begin PBXGroup section */
		C78538CE1ED0C59F007D79AD = {
			isa = PBXGroup;
			children = (
				C78538DA1ED0C59F007D79AD /* SION */,
				C78538E51ED0C59F007D79AD /* SIONTests */,
				C78538D91ED0C59F007D79AD /* Products */,
			);
			sourceTree = "<group>";
		};
		C78538D91ED0C59F007D79AD /* Products */ = {
			isa = PBXGroup;
			children = (
				C78538D81ED0C59F007D79AD /* SION.framework */,
				C78538E11ED0C59F007D79AD /* SIONTests.xctest */,
			);
			name = Products;
			sourceTree = "<group>";
		};
		C78538DA1ED0C59F007D79AD /* SION */ = {
			isa = PBXGroup;
			children = (
				C78538DB1ED0C59F007D79AD /* SION.h */,
				C78538DC1ED0C59F007D79AD /* Info.plist */,
				C78538F21ED0C5BF007D79AD /* SION.swift */,
				C7CED6031EDF9D520041B879 /* SION+Stringify.swift */,
				C78538F41ED0C60E007D79AD /* Parser.swift */,
				C7AD6AB5200BB36F001DE68E /* SION+Comparison.swift */,
				C7AD6AB7200BB45A001DE68E /* SION+Error.swift */,
				C7AD6AB9200BB471001DE68E /* SION+Accessors.swift */,
				C7AD6ABB200BB48E001DE68E /* SION+Initialization.swift */,
				C782614F200BFDE90004A958 /* OrderedKey.swift */,
			);
			path = SION;
			sourceTree = "<group>";
		};
		C78538E51ED0C59F007D79AD /* SIONTests */ = {
			isa = PBXGroup;
			children = (
				C78538E61ED0C59F007D79AD /* ParserTests.swift */,
				C78804AA1EDB8DFD003CB398 /* SIONTests.swift */,
				C78538E81ED0C59F007D79AD /* Info.plist */,
				C7BFAAA21EDA0F7700EBA808 /* test.sion */,
				C7AD6ABD200BCC0C001DE68E /* SION+StringifyTests.swift */,
				C7AD6ABF200BD473001DE68E /* SION+AccessorsTests.swift */,
				C7AD6AC1200BD4A7001DE68E /* SION+ComparisonTests.swift */,
			);
			path = SIONTests;
			sourceTree = "<group>";
		};
/* End PBXGroup section */

/* Begin PBXHeadersBuildPhase section */
		C78538D51ED0C59F007D79AD /* Headers */ = {
			isa = PBXHeadersBuildPhase;
			buildActionMask = 2147483647;
			files = (
				C78538E91ED0C59F007D79AD /* SION.h in Headers */,
			);
			runOnlyForDeploymentPostprocessing = 0;
		};
/* End PBXHeadersBuildPhase section */

/* Begin PBXNativeTarget section */
		C78538D71ED0C59F007D79AD /* SION */ = {
			isa = PBXNativeTarget;
			buildConfigurationList = C78538EC1ED0C59F007D79AD /* Build configuration list for PBXNativeTarget "SION" */;
			buildPhases = (
				C78538D31ED0C59F007D79AD /* Sources */,
				C78538D41ED0C59F007D79AD /* Frameworks */,
				C78538D51ED0C59F007D79AD /* Headers */,
				C78538D61ED0C59F007D79AD /* Resources */,
			);
			buildRules = (
			);
			dependencies = (
			);
			name = SION;
			productName = SION;
			productReference = C78538D81ED0C59F007D79AD /* SION.framework */;
			productType = "com.apple.product-type.framework";
		};
		C78538E01ED0C59F007D79AD /* SIONTests */ = {
			isa = PBXNativeTarget;
			buildConfigurationList = C78538EF1ED0C59F007D79AD /* Build configuration list for PBXNativeTarget "SIONTests" */;
			buildPhases = (
				C78538DD1ED0C59F007D79AD /* Sources */,
				C78538DE1ED0C59F007D79AD /* Frameworks */,
				C78538DF1ED0C59F007D79AD /* Resources */,
			);
			buildRules = (
			);
			dependencies = (
				C78538E41ED0C59F007D79AD /* PBXTargetDependency */,
			);
			name = SIONTests;
			productName = SIONTests;
			productReference = C78538E11ED0C59F007D79AD /* SIONTests.xctest */;
			productType = "com.apple.product-type.bundle.unit-test";
		};
/* End PBXNativeTarget section */

/* Begin PBXProject section */
		C78538CF1ED0C59F007D79AD /* Project object */ = {
			isa = PBXProject;
			attributes = {
				LastSwiftUpdateCheck = 0830;
				LastUpgradeCheck = 0920;
				ORGANIZATIONNAME = "HungryMelonStudios LLC.";
				TargetAttributes = {
					C78538D71ED0C59F007D79AD = {
						CreatedOnToolsVersion = 8.3.2;
						LastSwiftMigration = 0920;
						ProvisioningStyle = Automatic;
					};
					C78538E01ED0C59F007D79AD = {
						CreatedOnToolsVersion = 8.3.2;
						LastSwiftMigration = 0920;
						ProvisioningStyle = Automatic;
					};
				};
			};
			buildConfigurationList = C78538D21ED0C59F007D79AD /* Build configuration list for PBXProject "SION" */;
			compatibilityVersion = "Xcode 3.2";
			developmentRegion = English;
			hasScannedForEncodings = 0;
			knownRegions = (
				en,
			);
			mainGroup = C78538CE1ED0C59F007D79AD;
			productRefGroup = C78538D91ED0C59F007D79AD /* Products */;
			projectDirPath = "";
			projectRoot = "";
			targets = (
				C78538D71ED0C59F007D79AD /* SION */,
				C78538E01ED0C59F007D79AD /* SIONTests */,
			);
		};
/* End PBXProject section */

/* Begin PBXResourcesBuildPhase section */
		C78538D61ED0C59F007D79AD /* Resources */ = {
			isa = PBXResourcesBuildPhase;
			buildActionMask = 2147483647;
			files = (
			);
			runOnlyForDeploymentPostprocessing = 0;
		};
		C78538DF1ED0C59F007D79AD /* Resources */ = {
			isa = PBXResourcesBuildPhase;
			buildActionMask = 2147483647;
			files = (
				C7BFAAA41EDA14BE00EBA808 /* test.sion in Resources */,
			);
			runOnlyForDeploymentPostprocessing = 0;
		};
/* End PBXResourcesBuildPhase section */

/* Begin PBXSourcesBuildPhase section */
		C78538D31ED0C59F007D79AD /* Sources */ = {
			isa = PBXSourcesBuildPhase;
			buildActionMask = 2147483647;
			files = (
				C78538F51ED0C60E007D79AD /* Parser.swift in Sources */,
				C7826150200BFDE90004A958 /* OrderedKey.swift in Sources */,
				C7AD6ABC200BB48E001DE68E /* SION+Initialization.swift in Sources */,
				C7AD6ABA200BB471001DE68E /* SION+Accessors.swift in Sources */,
				C7AD6AB8200BB45A001DE68E /* SION+Error.swift in Sources */,
				C78538F31ED0C5BF007D79AD /* SION.swift in Sources */,
				C7AD6AB6200BB36F001DE68E /* SION+Comparison.swift in Sources */,
				C7CED6041EDF9D520041B879 /* SION+Stringify.swift in Sources */,
			);
			runOnlyForDeploymentPostprocessing = 0;
		};
		C78538DD1ED0C59F007D79AD /* Sources */ = {
			isa = PBXSourcesBuildPhase;
			buildActionMask = 2147483647;
			files = (
				C78804AB1EDB8DFD003CB398 /* SIONTests.swift in Sources */,
				C7AD6AC0200BD473001DE68E /* SION+AccessorsTests.swift in Sources */,
				C7AD6ABE200BCC0C001DE68E /* SION+StringifyTests.swift in Sources */,
				C7AD6AC2200BD4A7001DE68E /* SION+ComparisonTests.swift in Sources */,
				C78538E71ED0C59F007D79AD /* ParserTests.swift in Sources */,
			);
			runOnlyForDeploymentPostprocessing = 0;
		};
/* End PBXSourcesBuildPhase section */

/* Begin PBXTargetDependency section */
		C78538E41ED0C59F007D79AD /* PBXTargetDependency */ = {
			isa = PBXTargetDependency;
			target = C78538D71ED0C59F007D79AD /* SION */;
			targetProxy = C78538E31ED0C59F007D79AD /* PBXContainerItemProxy */;
		};
/* End PBXTargetDependency section */

/* Begin XCBuildConfiguration section */
		C78538EA1ED0C59F007D79AD /* Debug */ = {
			isa = XCBuildConfiguration;
			buildSettings = {
				ALWAYS_SEARCH_USER_PATHS = NO;
				CLANG_ANALYZER_NONNULL = YES;
				CLANG_ANALYZER_NUMBER_OBJECT_CONVERSION = YES_AGGRESSIVE;
				CLANG_CXX_LANGUAGE_STANDARD = "gnu++0x";
				CLANG_CXX_LIBRARY = "libc++";
				CLANG_ENABLE_MODULES = YES;
				CLANG_ENABLE_OBJC_ARC = YES;
				CLANG_WARN_BLOCK_CAPTURE_AUTORELEASING = YES;
				CLANG_WARN_BOOL_CONVERSION = YES;
				CLANG_WARN_COMMA = YES;
				CLANG_WARN_CONSTANT_CONVERSION = YES;
				CLANG_WARN_DIRECT_OBJC_ISA_USAGE = YES_ERROR;
				CLANG_WARN_DOCUMENTATION_COMMENTS = YES;
				CLANG_WARN_EMPTY_BODY = YES;
				CLANG_WARN_ENUM_CONVERSION = YES;
				CLANG_WARN_INFINITE_RECURSION = YES;
				CLANG_WARN_INT_CONVERSION = YES;
				CLANG_WARN_NON_LITERAL_NULL_CONVERSION = YES;
				CLANG_WARN_OBJC_LITERAL_CONVERSION = YES;
				CLANG_WARN_OBJC_ROOT_CLASS = YES_ERROR;
				CLANG_WARN_RANGE_LOOP_ANALYSIS = YES;
				CLANG_WARN_STRICT_PROTOTYPES = YES;
				CLANG_WARN_SUSPICIOUS_MOVE = YES;
				CLANG_WARN_UNREACHABLE_CODE = YES;
				CLANG_WARN__DUPLICATE_METHOD_MATCH = YES;
				CODE_SIGN_IDENTITY = "-";
				COPY_PHASE_STRIP = NO;
				CURRENT_PROJECT_VERSION = 1;
				DEBUG_INFORMATION_FORMAT = dwarf;
				ENABLE_STRICT_OBJC_MSGSEND = YES;
				ENABLE_TESTABILITY = YES;
				GCC_C_LANGUAGE_STANDARD = gnu99;
				GCC_DYNAMIC_NO_PIC = NO;
				GCC_NO_COMMON_BLOCKS = YES;
				GCC_OPTIMIZATION_LEVEL = 0;
				GCC_PREPROCESSOR_DEFINITIONS = (
					"DEBUG=1",
					"$(inherited)",
				);
				GCC_WARN_64_TO_32_BIT_CONVERSION = YES;
				GCC_WARN_ABOUT_RETURN_TYPE = YES_ERROR;
				GCC_WARN_UNDECLARED_SELECTOR = YES;
				GCC_WARN_UNINITIALIZED_AUTOS = YES_AGGRESSIVE;
				GCC_WARN_UNUSED_FUNCTION = YES;
				GCC_WARN_UNUSED_VARIABLE = YES;
				MACOSX_DEPLOYMENT_TARGET = 10.12;
				MTL_ENABLE_DEBUG_INFO = YES;
				ONLY_ACTIVE_ARCH = YES;
				SDKROOT = macosx;
				SWIFT_ACTIVE_COMPILATION_CONDITIONS = DEBUG;
				SWIFT_OPTIMIZATION_LEVEL = "-Onone";
				VERSIONING_SYSTEM = "apple-generic";
				VERSION_INFO_PREFIX = "";
			};
			name = Debug;
		};
		C78538EB1ED0C59F007D79AD /* Release */ = {
			isa = XCBuildConfiguration;
			buildSettings = {
				ALWAYS_SEARCH_USER_PATHS = NO;
				CLANG_ANALYZER_NONNULL = YES;
				CLANG_ANALYZER_NUMBER_OBJECT_CONVERSION = YES_AGGRESSIVE;
				CLANG_CXX_LANGUAGE_STANDARD = "gnu++0x";
				CLANG_CXX_LIBRARY = "libc++";
				CLANG_ENABLE_MODULES = YES;
				CLANG_ENABLE_OBJC_ARC = YES;
				CLANG_WARN_BLOCK_CAPTURE_AUTORELEASING = YES;
				CLANG_WARN_BOOL_CONVERSION = YES;
				CLANG_WARN_COMMA = YES;
				CLANG_WARN_CONSTANT_CONVERSION = YES;
				CLANG_WARN_DIRECT_OBJC_ISA_USAGE = YES_ERROR;
				CLANG_WARN_DOCUMENTATION_COMMENTS = YES;
				CLANG_WARN_EMPTY_BODY = YES;
				CLANG_WARN_ENUM_CONVERSION = YES;
				CLANG_WARN_INFINITE_RECURSION = YES;
				CLANG_WARN_INT_CONVERSION = YES;
				CLANG_WARN_NON_LITERAL_NULL_CONVERSION = YES;
				CLANG_WARN_OBJC_LITERAL_CONVERSION = YES;
				CLANG_WARN_OBJC_ROOT_CLASS = YES_ERROR;
				CLANG_WARN_RANGE_LOOP_ANALYSIS = YES;
				CLANG_WARN_STRICT_PROTOTYPES = YES;
				CLANG_WARN_SUSPICIOUS_MOVE = YES;
				CLANG_WARN_UNREACHABLE_CODE = YES;
				CLANG_WARN__DUPLICATE_METHOD_MATCH = YES;
				CODE_SIGN_IDENTITY = "-";
				COPY_PHASE_STRIP = NO;
				CURRENT_PROJECT_VERSION = 1;
				DEBUG_INFORMATION_FORMAT = "dwarf-with-dsym";
				ENABLE_NS_ASSERTIONS = NO;
				ENABLE_STRICT_OBJC_MSGSEND = YES;
				GCC_C_LANGUAGE_STANDARD = gnu99;
				GCC_NO_COMMON_BLOCKS = YES;
				GCC_WARN_64_TO_32_BIT_CONVERSION = YES;
				GCC_WARN_ABOUT_RETURN_TYPE = YES_ERROR;
				GCC_WARN_UNDECLARED_SELECTOR = YES;
				GCC_WARN_UNINITIALIZED_AUTOS = YES_AGGRESSIVE;
				GCC_WARN_UNUSED_FUNCTION = YES;
				GCC_WARN_UNUSED_VARIABLE = YES;
				MACOSX_DEPLOYMENT_TARGET = 10.12;
				MTL_ENABLE_DEBUG_INFO = NO;
				SDKROOT = macosx;
				SWIFT_OPTIMIZATION_LEVEL = "-Owholemodule";
				VERSIONING_SYSTEM = "apple-generic";
				VERSION_INFO_PREFIX = "";
			};
			name = Release;
		};
		C78538ED1ED0C59F007D79AD /* Debug */ = {
			isa = XCBuildConfiguration;
			buildSettings = {
				CLANG_ENABLE_MODULES = YES;
				CODE_SIGN_IDENTITY = "";
				COMBINE_HIDPI_IMAGES = YES;
				DEFINES_MODULE = YES;
				DYLIB_COMPATIBILITY_VERSION = 1;
				DYLIB_CURRENT_VERSION = 1;
				DYLIB_INSTALL_NAME_BASE = "@rpath";
				FRAMEWORK_VERSION = A;
				INFOPLIST_FILE = SION/Info.plist;
				INSTALL_PATH = "$(LOCAL_LIBRARY_DIR)/Frameworks";
				LD_RUNPATH_SEARCH_PATHS = "$(inherited) @executable_path/../Frameworks @loader_path/Frameworks";
				PRODUCT_BUNDLE_IDENTIFIER = com.hungrymelon.SION;
				PRODUCT_NAME = "$(TARGET_NAME)";
				SKIP_INSTALL = YES;
				SWIFT_OPTIMIZATION_LEVEL = "-Onone";
				SWIFT_SWIFT3_OBJC_INFERENCE = Default;
				SWIFT_VERSION = 4.0;
			};
			name = Debug;
		};
		C78538EE1ED0C59F007D79AD /* Release */ = {
			isa = XCBuildConfiguration;
			buildSettings = {
				CLANG_ENABLE_MODULES = YES;
				CODE_SIGN_IDENTITY = "";
				COMBINE_HIDPI_IMAGES = YES;
				DEFINES_MODULE = YES;
				DYLIB_COMPATIBILITY_VERSION = 1;
				DYLIB_CURRENT_VERSION = 1;
				DYLIB_INSTALL_NAME_BASE = "@rpath";
				FRAMEWORK_VERSION = A;
				INFOPLIST_FILE = SION/Info.plist;
				INSTALL_PATH = "$(LOCAL_LIBRARY_DIR)/Frameworks";
				LD_RUNPATH_SEARCH_PATHS = "$(inherited) @executable_path/../Frameworks @loader_path/Frameworks";
				PRODUCT_BUNDLE_IDENTIFIER = com.hungrymelon.SION;
				PRODUCT_NAME = "$(TARGET_NAME)";
				SKIP_INSTALL = YES;
				SWIFT_SWIFT3_OBJC_INFERENCE = Default;
				SWIFT_VERSION = 4.0;
			};
			name = Release;
		};
		C78538F01ED0C59F007D79AD /* Debug */ = {
			isa = XCBuildConfiguration;
			buildSettings = {
				ALWAYS_EMBED_SWIFT_STANDARD_LIBRARIES = YES;
				COMBINE_HIDPI_IMAGES = YES;
				INFOPLIST_FILE = SIONTests/Info.plist;
				LD_RUNPATH_SEARCH_PATHS = "$(inherited) @executable_path/../Frameworks @loader_path/../Frameworks";
				PRODUCT_BUNDLE_IDENTIFIER = com.hungrymelon.SIONTests;
				PRODUCT_NAME = "$(TARGET_NAME)";
				SWIFT_SWIFT3_OBJC_INFERENCE = Default;
				SWIFT_VERSION = 4.0;
			};
			name = Debug;
		};
		C78538F11ED0C59F007D79AD /* Release */ = {
			isa = XCBuildConfiguration;
			buildSettings = {
				ALWAYS_EMBED_SWIFT_STANDARD_LIBRARIES = YES;
				COMBINE_HIDPI_IMAGES = YES;
				INFOPLIST_FILE = SIONTests/Info.plist;
				LD_RUNPATH_SEARCH_PATHS = "$(inherited) @executable_path/../Frameworks @loader_path/../Frameworks";
				PRODUCT_BUNDLE_IDENTIFIER = com.hungrymelon.SIONTests;
				PRODUCT_NAME = "$(TARGET_NAME)";
				SWIFT_SWIFT3_OBJC_INFERENCE = Default;
				SWIFT_VERSION = 4.0;
			};
			name = Release;
		};
/* End XCBuildConfiguration section */

/* Begin XCConfigurationList section */
		C78538D21ED0C59F007D79AD /* Build configuration list for PBXProject "SION" */ = {
			isa = XCConfigurationList;
			buildConfigurations = (
				C78538EA1ED0C59F007D79AD /* Debug */,
				C78538EB1ED0C59F007D79AD /* Release */,
			);
			defaultConfigurationIsVisible = 0;
			defaultConfigurationName = Release;
		};
		C78538EC1ED0C59F007D79AD /* Build configuration list for PBXNativeTarget "SION" */ = {
			isa = XCConfigurationList;
			buildConfigurations = (
				C78538ED1ED0C59F007D79AD /* Debug */,
				C78538EE1ED0C59F007D79AD /* Release */,
			);
			defaultConfigurationIsVisible = 0;
			defaultConfigurationName = Release;
		};
		C78538EF1ED0C59F007D79AD /* Build configuration list for PBXNativeTarget "SIONTests" */ = {
			isa = XCConfigurationList;
			buildConfigurations = (
				C78538F01ED0C59F007D79AD /* Debug */,
				C78538F11ED0C59F007D79AD /* Release */,
			);
			defaultConfigurationIsVisible = 0;
			defaultConfigurationName = Release;
		};
/* End XCConfigurationList section */
	};
	rootObject = C78538CF1ED0C59F007D79AD /* Project object */;
}
